
Microsoft Visual Studio Solution File, Format Version 12.00
# Visual Studio Version 17
VisualStudioVersion = 17.2.32314.265
MinimumVisualStudioVersion = 10.0.40219.1
Project("{FAE04EC0-301F-11D3-BF4B-00C04F79EFBC}") = "Abstraction", "Abstraction\Abstraction.csproj", "{C61C07D3-B39B-4730-B1F5-467C276B10F2}"
EndProject
Global
	GlobalSection(SolutionConfigurationPlatforms) = preSolution
		Debug|Any CPU = Debug|Any CPU
		Release|Any CPU = Release|Any CPU
	EndGlobalSection
	GlobalSection(ProjectConfigurationPlatforms) = postSolution
		{C61C07D3-B39B-4730-B1F5-467C276B10F2}.Debug|Any CPU.ActiveCfg = Debug|Any CPU
		{C61C07D3-B39B-4730-B1F5-467C276B10F2}.Debug|Any CPU.Build.0 = Debug|Any CPU
		{C61C07D3-B39B-4730-B1F5-467C276B10F2}.Release|Any CPU.ActiveCfg = Release|Any CPU
		{C61C07D3-B39B-4730-B1F5-467C276B10F2}.Release|Any CPU.Build.0 = Release|Any CPU
	EndGlobalSection
	GlobalSection(SolutionProperties) = preSolution
		HideSolutionNode = FALSE
	EndGlobalSection
	GlobalSection(ExtensibilityGlobals) = postSolution
		SolutionGuid = {9D50BFA9-FCC1-4177-9079-DC82DA21F1C2}
	EndGlobalSection
EndGlobal
